
Microsoft Visual Studio Solution File, Format Version 12.00
# Visual Studio Version 17
VisualStudioVersion = 17.4.33213.308
MinimumVisualStudioVersion = 10.0.40219.1
Project("{FAE04EC0-301F-11D3-BF4B-00C04F79EFBC}") = "ProjetoBanco", "ProjetoBanco.csproj", "{91E619BB-E85B-4D23-8282-74A45D23A5DA}"
EndProject
Global
	GlobalSection(SolutionConfigurationPlatforms) = preSolution
		Debug|Any CPU = Debug|Any CPU
		Release|Any CPU = Release|Any CPU
	EndGlobalSection
	GlobalSection(ProjectConfigurationPlatforms) = postSolution
		{91E619BB-E85B-4D23-8282-74A45D23A5DA}.Debug|Any CPU.ActiveCfg = Debug|Any CPU
		{91E619BB-E85B-4D23-8282-74A45D23A5DA}.Debug|Any CPU.Build.0 = Debug|Any CPU
		{91E619BB-E85B-4D23-8282-74A45D23A5DA}.Release|Any CPU.ActiveCfg = Release|Any CPU
		{91E619BB-E85B-4D23-8282-74A45D23A5DA}.Release|Any CPU.Build.0 = Release|Any CPU
	EndGlobalSection
	GlobalSection(SolutionProperties) = preSolution
		HideSolutionNode = FALSE
	EndGlobalSection
	GlobalSection(ExtensibilityGlobals) = postSolution
		SolutionGuid = {284A9C69-152B-4B7D-839C-E231CD49DABB}
	EndGlobalSection
EndGlobal
